// !$*UTF8*$!
{
	archiveVersion = 1;
	classes = {
	};
	objectVersion = 50;
	objects = {

/* Begin PBXBuildFile section */
		E46BDA4723FA727900280129 /* AppDelegate.swift in Sources */ = {isa = PBXBuildFile; fileRef = E46BDA4623FA727900280129 /* AppDelegate.swift */; };
		E46BDA4923FA727900280129 /* SceneDelegate.swift in Sources */ = {isa = PBXBuildFile; fileRef = E46BDA4823FA727900280129 /* SceneDelegate.swift */; };
		E46BDA4B23FA727900280129 /* ContentView.swift in Sources */ = {isa = PBXBuildFile; fileRef = E46BDA4A23FA727900280129 /* ContentView.swift */; };
		E46BDA4D23FA727E00280129 /* Assets.xcassets in Resources */ = {isa = PBXBuildFile; fileRef = E46BDA4C23FA727E00280129 /* Assets.xcassets */; };
		E46BDA5023FA727E00280129 /* Preview Assets.xcassets in Resources */ = {isa = PBXBuildFile; fileRef = E46BDA4F23FA727E00280129 /* Preview Assets.xcassets */; };
		E46BDA5323FA727E00280129 /* LaunchScreen.storyboard in Resources */ = {isa = PBXBuildFile; fileRef = E46BDA5123FA727E00280129 /* LaunchScreen.storyboard */; };
		E46BDA5F23FA788400280129 /* DishCellPreview.swift in Sources */ = {isa = PBXBuildFile; fileRef = E46BDA5E23FA788400280129 /* DishCellPreview.swift */; };
		E46BDA6223FA9A9E00280129 /* Dish.swift in Sources */ = {isa = PBXBuildFile; fileRef = E46BDA6123FA9A9E00280129 /* Dish.swift */; };
/* End PBXBuildFile section */

/* Begin PBXFileReference section */
		E46BDA4323FA727900280129 /* DishCell.app */ = {isa = PBXFileReference; explicitFileType = wrapper.application; includeInIndex = 0; path = DishCell.app; sourceTree = BUILT_PRODUCTS_DIR; };
		E46BDA4623FA727900280129 /* AppDelegate.swift */ = {isa = PBXFileReference; lastKnownFileType = sourcecode.swift; path = AppDelegate.swift; sourceTree = "<group>"; };
		E46BDA4823FA727900280129 /* SceneDelegate.swift */ = {isa = PBXFileReference; lastKnownFileType = sourcecode.swift; path = SceneDelegate.swift; sourceTree = "<group>"; };
		E46BDA4A23FA727900280129 /* ContentView.swift */ = {isa = PBXFileReference; lastKnownFileType = sourcecode.swift; path = ContentView.swift; sourceTree = "<group>"; };
		E46BDA4C23FA727E00280129 /* Assets.xcassets */ = {isa = PBXFileReference; lastKnownFileType = folder.assetcatalog; path = Assets.xcassets; sourceTree = "<group>"; };
		E46BDA4F23FA727E00280129 /* Preview Assets.xcassets */ = {isa = PBXFileReference; lastKnownFileType = folder.assetcatalog; path = "Preview Assets.xcassets"; sourceTree = "<group>"; };
		E46BDA5223FA727E00280129 /* Base */ = {isa = PBXFileReference; lastKnownFileType = file.storyboard; name = Base; path = Base.lproj/LaunchScreen.storyboard; sourceTree = "<group>"; };
		E46BDA5423FA727E00280129 /* Info.plist */ = {isa = PBXFileReference; lastKnownFileType = text.plist.xml; path = Info.plist; sourceTree = "<group>"; };
		E46BDA5E23FA788400280129 /* DishCellPreview.swift */ = {isa = PBXFileReference; lastKnownFileType = sourcecode.swift; path = DishCellPreview.swift; sourceTree = "<group>"; };
		E46BDA6123FA9A9E00280129 /* Dish.swift */ = {isa = PBXFileReference; lastKnownFileType = sourcecode.swift; path = Dish.swift; sourceTree = "<group>"; };
/* End PBXFileReference section */

/* Begin PBXFrameworksBuildPhase section */
		E46BDA4023FA727900280129 /* Frameworks */ = {
			isa = PBXFrameworksBuildPhase;
			buildActionMask = 2147483647;
			files = (
			);
			runOnlyForDeploymentPostprocessing = 0;
		};
/* End PBXFrameworksBuildPhase section */

/* Begin PBXGroup section */
		E46BDA3A23FA727900280129 = {
			isa = PBXGroup;
			children = (
				E46BDA4523FA727900280129 /* DishCell */,
				E46BDA4423FA727900280129 /* Products */,
			);
			sourceTree = "<group>";
		};
		E46BDA4423FA727900280129 /* Products */ = {
			isa = PBXGroup;
			children = (
				E46BDA4323FA727900280129 /* DishCell.app */,
			);
			name = Products;
			sourceTree = "<group>";
		};
		E46BDA4523FA727900280129 /* DishCell */ = {
			isa = PBXGroup;
			children = (
				E46BDA6023FA9A8C00280129 /* Models */,
				E46BDA4623FA727900280129 /* AppDelegate.swift */,
				E46BDA4823FA727900280129 /* SceneDelegate.swift */,
				E46BDA4A23FA727900280129 /* ContentView.swift */,
				E46BDA4C23FA727E00280129 /* Assets.xcassets */,
				E46BDA5123FA727E00280129 /* LaunchScreen.storyboard */,
				E46BDA5423FA727E00280129 /* Info.plist */,
				E46BDA4E23FA727E00280129 /* Preview Content */,
				E46BDA5E23FA788400280129 /* DishCellPreview.swift */,
			);
			path = DishCell;
			sourceTree = "<group>";
		};
		E46BDA4E23FA727E00280129 /* Preview Content */ = {
			isa = PBXGroup;
			children = (
				E46BDA4F23FA727E00280129 /* Preview Assets.xcassets */,
			);
			path = "Preview Content";
			sourceTree = "<group>";
		};
		E46BDA6023FA9A8C00280129 /* Models */ = {
			isa = PBXGroup;
			children = (
				E46BDA6123FA9A9E00280129 /* Dish.swift */,
			);
			path = Models;
			sourceTree = "<group>";
		};
/* End PBXGroup section */

/* Begin PBXNativeTarget section */
		E46BDA4223FA727900280129 /* DishCell */ = {
			isa = PBXNativeTarget;
			buildConfigurationList = E46BDA5723FA727E00280129 /* Build configuration list for PBXNativeTarget "DishCell" */;
			buildPhases = (
				E46BDA3F23FA727900280129 /* Sources */,
				E46BDA4023FA727900280129 /* Frameworks */,
				E46BDA4123FA727900280129 /* Resources */,
			);
			buildRules = (
			);
			dependencies = (
			);
			name = DishCell;
			productName = DishCell;
			productReference = E46BDA4323FA727900280129 /* DishCell.app */;
			productType = "com.apple.product-type.application";
		};
/* End PBXNativeTarget section */

/* Begin PBXProject section */
		E46BDA3B23FA727900280129 /* Project object */ = {
			isa = PBXProject;
			attributes = {
				LastSwiftUpdateCheck = 1130;
				LastUpgradeCheck = 1130;
				ORGANIZATIONNAME = "Soni Suman";
				TargetAttributes = {
					E46BDA4223FA727900280129 = {
						CreatedOnToolsVersion = 11.3;
					};
				};
			};
			buildConfigurationList = E46BDA3E23FA727900280129 /* Build configuration list for PBXProject "DishCell" */;
			compatibilityVersion = "Xcode 9.3";
			developmentRegion = en;
			hasScannedForEncodings = 0;
			knownRegions = (
				en,
				Base,
			);
			mainGroup = E46BDA3A23FA727900280129;
			productRefGroup = E46BDA4423FA727900280129 /* Products */;
			projectDirPath = "";
			projectRoot = "";
			targets = (
				E46BDA4223FA727900280129 /* DishCell */,
			);
		};
/* End PBXProject section */

/* Begin PBXResourcesBuildPhase section */
		E46BDA4123FA727900280129 /* Resources */ = {
			isa = PBXResourcesBuildPhase;
			buildActionMask = 2147483647;
			files = (
				E46BDA5323FA727E00280129 /* LaunchScreen.storyboard in Resources */,
				E46BDA5023FA727E00280129 /* Preview Assets.xcassets in Resources */,
				E46BDA4D23FA727E00280129 /* Assets.xcassets in Resources */,
			);
			runOnlyForDeploymentPostprocessing = 0;
		};
/* End PBXResourcesBuildPhase section */

/* Begin PBXSourcesBuildPhase section */
		E46BDA3F23FA727900280129 /* Sources */ = {
			isa = PBXSourcesBuildPhase;
			buildActionMask = 2147483647;
			files = (
				E46BDA4723FA727900280129 /* AppDelegate.swift in Sources */,
				E46BDA6223FA9A9E00280129 /* Dish.swift in Sources */,
				E46BDA4923FA727900280129 /* SceneDelegate.swift in Sources */,
				E46BDA5F23FA788400280129 /* DishCellPreview.swift in Sources */,
				E46BDA4B23FA727900280129 /* ContentView.swift in Sources */,
			);
			runOnlyForDeploymentPostprocessing = 0;
		};
/* End PBXSourcesBuildPhase section */

/* Begin PBXVariantGroup section */
		E46BDA5123FA727E00280129 /* LaunchScreen.storyboard */ = {
			isa = PBXVariantGroup;
			children = (
				E46BDA5223FA727E00280129 /* Base */,
			);
			name = LaunchScreen.storyboard;
			sourceTree = "<group>";
		};
/* End PBXVariantGroup section */

/* Begin XCBuildConfiguration section */
		E46BDA5523FA727E00280129 /* Debug */ = {
			isa = XCBuildConfiguration;
			buildSettings = {
				ALWAYS_SEARCH_USER_PATHS = NO;
				CLANG_ANALYZER_NONNULL = YES;
				CLANG_ANALYZER_NUMBER_OBJECT_CONVERSION = YES_AGGRESSIVE;
				CLANG_CXX_LANGUAGE_STANDARD = "gnu++14";
				CLANG_CXX_LIBRARY = "libc++";
				CLANG_ENABLE_MODULES = YES;
				CLANG_ENABLE_OBJC_ARC = YES;
				CLANG_ENABLE_OBJC_WEAK = YES;
				CLANG_WARN_BLOCK_CAPTURE_AUTORELEASING = YES;
				CLANG_WARN_BOOL_CONVERSION = YES;
				CLANG_WARN_COMMA = YES;
				CLANG_WARN_CONSTANT_CONVERSION = YES;
				CLANG_WARN_DEPRECATED_OBJC_IMPLEMENTATIONS = YES;
				CLANG_WARN_DIRECT_OBJC_ISA_USAGE = YES_ERROR;
				CLANG_WARN_DOCUMENTATION_COMMENTS = YES;
				CLANG_WARN_EMPTY_BODY = YES;
				CLANG_WARN_ENUM_CONVERSION = YES;
				CLANG_WARN_INFINITE_RECURSION = YES;
				CLANG_WARN_INT_CONVERSION = YES;
				CLANG_WARN_NON_LITERAL_NULL_CONVERSION = YES;
				CLANG_WARN_OBJC_IMPLICIT_RETAIN_SELF = YES;
				CLANG_WARN_OBJC_LITERAL_CONVERSION = YES;
				CLANG_WARN_OBJC_ROOT_CLASS = YES_ERROR;
				CLANG_WARN_RANGE_LOOP_ANALYSIS = YES;
				CLANG_WARN_STRICT_PROTOTYPES = YES;
				CLANG_WARN_SUSPICIOUS_MOVE = YES;
				CLANG_WARN_UNGUARDED_AVAILABILITY = YES_AGGRESSIVE;
				CLANG_WARN_UNREACHABLE_CODE = YES;
				CLANG_WARN__DUPLICATE_METHOD_MATCH = YES;
				COPY_PHASE_STRIP = NO;
				DEBUG_INFORMATION_FORMAT = dwarf;
				ENABLE_STRICT_OBJC_MSGSEND = YES;
				ENABLE_TESTABILITY = YES;
				GCC_C_LANGUAGE_STANDARD = gnu11;
				GCC_DYNAMIC_NO_PIC = NO;
				GCC_NO_COMMON_BLOCKS = YES;
				GCC_OPTIMIZATION_LEVEL = 0;
				GCC_PREPROCESSOR_DEFINITIONS = (
					"DEBUG=1",
					"$(inherited)",
				);
				GCC_WARN_64_TO_32_BIT_CONVERSION = YES;
				GCC_WARN_ABOUT_RETURN_TYPE = YES_ERROR;
				GCC_WARN_UNDECLARED_SELECTOR = YES;
				GCC_WARN_UNINITIALIZED_AUTOS = YES_AGGRESSIVE;
				GCC_WARN_UNUSED_FUNCTION = YES;
				GCC_WARN_UNUSED_VARIABLE = YES;
				IPHONEOS_DEPLOYMENT_TARGET = 13.2;
				MTL_ENABLE_DEBUG_INFO = INCLUDE_SOURCE;
				MTL_FAST_MATH = YES;
				ONLY_ACTIVE_ARCH = YES;
				SDKROOT = iphoneos;
				SWIFT_ACTIVE_COMPILATION_CONDITIONS = DEBUG;
				SWIFT_OPTIMIZATION_LEVEL = "-Onone";
			};
			name = Debug;
		};
		E46BDA5623FA727E00280129 /* Release */ = {
			isa = XCBuildConfiguration;
			buildSettings = {
				ALWAYS_SEARCH_USER_PATHS = NO;
				CLANG_ANALYZER_NONNULL = YES;
				CLANG_ANALYZER_NUMBER_OBJECT_CONVERSION = YES_AGGRESSIVE;
				CLANG_CXX_LANGUAGE_STANDARD = "gnu++14";
				CLANG_CXX_LIBRARY = "libc++";
				CLANG_ENABLE_MODULES = YES;
				CLANG_ENABLE_OBJC_ARC = YES;
				CLANG_ENABLE_OBJC_WEAK = YES;
				CLANG_WARN_BLOCK_CAPTURE_AUTORELEASING = YES;
				CLANG_WARN_BOOL_CONVERSION = YES;
				CLANG_WARN_COMMA = YES;
				CLANG_WARN_CONSTANT_CONVERSION = YES;
				CLANG_WARN_DEPRECATED_OBJC_IMPLEMENTATIONS = YES;
				CLANG_WARN_DIRECT_OBJC_ISA_USAGE = YES_ERROR;
				CLANG_WARN_DOCUMENTATION_COMMENTS = YES;
				CLANG_WARN_EMPTY_BODY = YES;
				CLANG_WARN_ENUM_CONVERSION = YES;
				CLANG_WARN_INFINITE_RECURSION = YES;
				CLANG_WARN_INT_CONVERSION = YES;
				CLANG_WARN_NON_LITERAL_NULL_CONVERSION = YES;
				CLANG_WARN_OBJC_IMPLICIT_RETAIN_SELF = YES;
				CLANG_WARN_OBJC_LITERAL_CONVERSION = YES;
				CLANG_WARN_OBJC_ROOT_CLASS = YES_ERROR;
				CLANG_WARN_RANGE_LOOP_ANALYSIS = YES;
				CLANG_WARN_STRICT_PROTOTYPES = YES;
				CLANG_WARN_SUSPICIOUS_MOVE = YES;
				CLANG_WARN_UNGUARDED_AVAILABILITY = YES_AGGRESSIVE;
				CLANG_WARN_UNREACHABLE_CODE = YES;
				CLANG_WARN__DUPLICATE_METHOD_MATCH = YES;
				COPY_PHASE_STRIP = NO;
				DEBUG_INFORMATION_FORMAT = "dwarf-with-dsym";
				ENABLE_NS_ASSERTIONS = NO;
				ENABLE_STRICT_OBJC_MSGSEND = YES;
				GCC_C_LANGUAGE_STANDARD = gnu11;
				GCC_NO_COMMON_BLOCKS = YES;
				GCC_WARN_64_TO_32_BIT_CONVERSION = YES;
				GCC_WARN_ABOUT_RETURN_TYPE = YES_ERROR;
				GCC_WARN_UNDECLARED_SELECTOR = YES;
				GCC_WARN_UNINITIALIZED_AUTOS = YES_AGGRESSIVE;
				GCC_WARN_UNUSED_FUNCTION = YES;
				GCC_WARN_UNUSED_VARIABLE = YES;
				IPHONEOS_DEPLOYMENT_TARGET = 13.2;
				MTL_ENABLE_DEBUG_INFO = NO;
				MTL_FAST_MATH = YES;
				SDKROOT = iphoneos;
				SWIFT_COMPILATION_MODE = wholemodule;
				SWIFT_OPTIMIZATION_LEVEL = "-O";
				VALIDATE_PRODUCT = YES;
			};
			name = Release;
		};
		E46BDA5823FA727E00280129 /* Debug */ = {
			isa = XCBuildConfiguration;
			buildSettings = {
				ASSETCATALOG_COMPILER_APPICON_NAME = AppIcon;
				CODE_SIGN_STYLE = Automatic;
				DEVELOPMENT_ASSET_PATHS = "\"DishCell/Preview Content\"";
				ENABLE_PREVIEWS = YES;
				INFOPLIST_FILE = DishCell/Info.plist;
				LD_RUNPATH_SEARCH_PATHS = (
					"$(inherited)",
					"@executable_path/Frameworks",
				);
				PRODUCT_BUNDLE_IDENTIFIER = com.swiftUI.DishCell.DishCell;
				PRODUCT_NAME = "$(TARGET_NAME)";
				SWIFT_VERSION = 5.0;
				TARGETED_DEVICE_FAMILY = "1,2";
			};
			name = Debug;
		};
		E46BDA5923FA727E00280129 /* Release */ = {
			isa = XCBuildConfiguration;
			buildSettings = {
				ASSETCATALOG_COMPILER_APPICON_NAME = AppIcon;
				CODE_SIGN_STYLE = Automatic;
				DEVELOPMENT_ASSET_PATHS = "\"DishCell/Preview Content\"";
				ENABLE_PREVIEWS = YES;
				INFOPLIST_FILE = DishCell/Info.plist;
				LD_RUNPATH_SEARCH_PATHS = (
					"$(inherited)",
					"@executable_path/Frameworks",
				);
				PRODUCT_BUNDLE_IDENTIFIER = com.swiftUI.DishCell.DishCell;
				PRODUCT_NAME = "$(TARGET_NAME)";
				SWIFT_VERSION = 5.0;
				TARGETED_DEVICE_FAMILY = "1,2";
			};
			name = Release;
		};
/* End XCBuildConfiguration section */

/* Begin XCConfigurationList section */
		E46BDA3E23FA727900280129 /* Build configuration list for PBXProject "DishCell" */ = {
			isa = XCConfigurationList;
			buildConfigurations = (
				E46BDA5523FA727E00280129 /* Debug */,
				E46BDA5623FA727E00280129 /* Release */,
			);
			defaultConfigurationIsVisible = 0;
			defaultConfigurationName = Release;
		};
		E46BDA5723FA727E00280129 /* Build configuration list for PBXNativeTarget "DishCell" */ = {
			isa = XCConfigurationList;
			buildConfigurations = (
				E46BDA5823FA727E00280129 /* Debug */,
				E46BDA5923FA727E00280129 /* Release */,
			);
			defaultConfigurationIsVisible = 0;
			defaultConfigurationName = Release;
		};
/* End XCConfigurationList section */
	};
	rootObject = E46BDA3B23FA727900280129 /* Project object */;
}
